
Microsoft Visual Studio Solution File, Format Version 10.00
# Visual Studio 2008
Project("{FAE04EC0-301F-11D3-BF4B-00C04F79EFBC}") = "TVGenCode", "TVGenCode.csproj", "{3E2C76F1-6500-4463-B27E-44A33A31F995}"
EndProject
Project("{54435603-DBB4-11D2-8724-00A0C9A8B90C}") = "SetupTVGencode", "..\Setup\Setup.vdproj", "{FD754C47-4DDF-47FA-848A-FF602EFD57D7}"
EndProject
Global
	GlobalSection(SourceCodeControl) = preSolution
		SccNumberOfProjects = 2
		SccLocalPath0 = .
		SccProjectUniqueName1 = TVGenCode.csproj
		SccLocalPath1 = .
	EndGlobalSection
	GlobalSection(SolutionConfigurationPlatforms) = preSolution
		Debug|Any CPU = Debug|Any CPU
		Release|Any CPU = Release|Any CPU
	EndGlobalSection
	GlobalSection(ProjectConfigurationPlatforms) = postSolution
		{3E2C76F1-6500-4463-B27E-44A33A31F995}.Debug|Any CPU.ActiveCfg = Debug|Any CPU
		{3E2C76F1-6500-4463-B27E-44A33A31F995}.Debug|Any CPU.Build.0 = Debug|Any CPU
		{3E2C76F1-6500-4463-B27E-44A33A31F995}.Release|Any CPU.ActiveCfg = Release|Any CPU
		{3E2C76F1-6500-4463-B27E-44A33A31F995}.Release|Any CPU.Build.0 = Release|Any CPU
		{FD754C47-4DDF-47FA-848A-FF602EFD57D7}.Debug|Any CPU.ActiveCfg = Debug
		{FD754C47-4DDF-47FA-848A-FF602EFD57D7}.Release|Any CPU.ActiveCfg = Release
	EndGlobalSection
	GlobalSection(SolutionProperties) = preSolution
		HideSolutionNode = FALSE
	EndGlobalSection
EndGlobal
